// !$*UTF8*$!
{
	archiveVersion = 1;
	classes = {
	};
	objectVersion = 46;
	objects = {

/* Begin PBXBuildFile section */
		40B571111AACCF2D000A4668 /* AppDelegate.swift in Sources */ = {isa = PBXBuildFile; fileRef = 40B571101AACCF2D000A4668 /* AppDelegate.swift */; };
		40B571131AACCF2D000A4668 /* ViewController.swift in Sources */ = {isa = PBXBuildFile; fileRef = 40B571121AACCF2D000A4668 /* ViewController.swift */; };
		40B571161AACCF2D000A4668 /* Main.storyboard in Resources */ = {isa = PBXBuildFile; fileRef = 40B571141AACCF2D000A4668 /* Main.storyboard */; };
		40B571181AACCF2D000A4668 /* Images.xcassets in Resources */ = {isa = PBXBuildFile; fileRef = 40B571171AACCF2D000A4668 /* Images.xcassets */; };
		40B5711B1AACCF2D000A4668 /* LaunchScreen.xib in Resources */ = {isa = PBXBuildFile; fileRef = 40B571191AACCF2D000A4668 /* LaunchScreen.xib */; };
		40B571271AACCF2D000A4668 /* StormyTests.swift in Sources */ = {isa = PBXBuildFile; fileRef = 40B571261AACCF2D000A4668 /* StormyTests.swift */; };
		40B571341AACEF18000A4668 /* Current.swift in Sources */ = {isa = PBXBuildFile; fileRef = 40B571331AACEF18000A4668 /* Current.swift */; };
/* End PBXBuildFile section */

/* Begin PBXContainerItemProxy section */
		40B571211AACCF2D000A4668 /* PBXContainerItemProxy */ = {
			isa = PBXContainerItemProxy;
			containerPortal = 40B571031AACCF2C000A4668 /* Project object */;
			proxyType = 1;
			remoteGlobalIDString = 40B5710A1AACCF2D000A4668;
			remoteInfo = Stormy;
		};
/* End PBXContainerItemProxy section */

/* Begin PBXFileReference section */
		40B5710B1AACCF2D000A4668 /* Stormy.app */ = {isa = PBXFileReference; explicitFileType = wrapper.application; includeInIndex = 0; path = Stormy.app; sourceTree = BUILT_PRODUCTS_DIR; };
		40B5710F1AACCF2D000A4668 /* Info.plist */ = {isa = PBXFileReference; lastKnownFileType = text.plist.xml; path = Info.plist; sourceTree = "<group>"; };
		40B571101AACCF2D000A4668 /* AppDelegate.swift */ = {isa = PBXFileReference; lastKnownFileType = sourcecode.swift; path = AppDelegate.swift; sourceTree = "<group>"; };
		40B571121AACCF2D000A4668 /* ViewController.swift */ = {isa = PBXFileReference; lastKnownFileType = sourcecode.swift; path = ViewController.swift; sourceTree = "<group>"; };
		40B571151AACCF2D000A4668 /* Base */ = {isa = PBXFileReference; lastKnownFileType = file.storyboard; name = Base; path = Base.lproj/Main.storyboard; sourceTree = "<group>"; };
		40B571171AACCF2D000A4668 /* Images.xcassets */ = {isa = PBXFileReference; lastKnownFileType = folder.assetcatalog; path = Images.xcassets; sourceTree = "<group>"; };
		40B5711A1AACCF2D000A4668 /* Base */ = {isa = PBXFileReference; lastKnownFileType = file.xib; name = Base; path = Base.lproj/LaunchScreen.xib; sourceTree = "<group>"; };
		40B571201AACCF2D000A4668 /* StormyTests.xctest */ = {isa = PBXFileReference; explicitFileType = wrapper.cfbundle; includeInIndex = 0; path = StormyTests.xctest; sourceTree = BUILT_PRODUCTS_DIR; };
		40B571251AACCF2D000A4668 /* Info.plist */ = {isa = PBXFileReference; lastKnownFileType = text.plist.xml; path = Info.plist; sourceTree = "<group>"; };
		40B571261AACCF2D000A4668 /* StormyTests.swift */ = {isa = PBXFileReference; lastKnownFileType = sourcecode.swift; path = StormyTests.swift; sourceTree = "<group>"; };
		40B571331AACEF18000A4668 /* Current.swift */ = {isa = PBXFileReference; fileEncoding = 4; lastKnownFileType = sourcecode.swift; path = Current.swift; sourceTree = "<group>"; };
/* End PBXFileReference section */

/* Begin PBXFrameworksBuildPhase section */
		40B571081AACCF2D000A4668 /* Frameworks */ = {
			isa = PBXFrameworksBuildPhase;
			buildActionMask = 2147483647;
			files = (
			);
			runOnlyForDeploymentPostprocessing = 0;
		};
		40B5711D1AACCF2D000A4668 /* Frameworks */ = {
			isa = PBXFrameworksBuildPhase;
			buildActionMask = 2147483647;
			files = (
			);
			runOnlyForDeploymentPostprocessing = 0;
		};
/* End PBXFrameworksBuildPhase section */

/* Begin PBXGroup section */
		40B571021AACCF2C000A4668 = {
			isa = PBXGroup;
			children = (
				40B5710D1AACCF2D000A4668 /* Stormy */,
				40B571231AACCF2D000A4668 /* StormyTests */,
				40B5710C1AACCF2D000A4668 /* Products */,
			);
			sourceTree = "<group>";
		};
		40B5710C1AACCF2D000A4668 /* Products */ = {
			isa = PBXGroup;
			children = (
				40B5710B1AACCF2D000A4668 /* Stormy.app */,
				40B571201AACCF2D000A4668 /* StormyTests.xctest */,
			);
			name = Products;
			sourceTree = "<group>";
		};
		40B5710D1AACCF2D000A4668 /* Stormy */ = {
			isa = PBXGroup;
			children = (
				40B571101AACCF2D000A4668 /* AppDelegate.swift */,
				40B571121AACCF2D000A4668 /* ViewController.swift */,
				40B571331AACEF18000A4668 /* Current.swift */,
				40B571141AACCF2D000A4668 /* Main.storyboard */,
				40B571171AACCF2D000A4668 /* Images.xcassets */,
				40B571191AACCF2D000A4668 /* LaunchScreen.xib */,
				40B5710E1AACCF2D000A4668 /* Supporting Files */,
			);
			path = Stormy;
			sourceTree = "<group>";
		};
		40B5710E1AACCF2D000A4668 /* Supporting Files */ = {
			isa = PBXGroup;
			children = (
				40B5710F1AACCF2D000A4668 /* Info.plist */,
			);
			name = "Supporting Files";
			sourceTree = "<group>";
		};
		40B571231AACCF2D000A4668 /* StormyTests */ = {
			isa = PBXGroup;
			children = (
				40B571261AACCF2D000A4668 /* StormyTests.swift */,
				40B571241AACCF2D000A4668 /* Supporting Files */,
			);
			path = StormyTests;
			sourceTree = "<group>";
		};
		40B571241AACCF2D000A4668 /* Supporting Files */ = {
			isa = PBXGroup;
			children = (
				40B571251AACCF2D000A4668 /* Info.plist */,
			);
			name = "Supporting Files";
			sourceTree = "<group>";
		};
/* End PBXGroup section */

/* Begin PBXNativeTarget section */
		40B5710A1AACCF2D000A4668 /* Stormy */ = {
			isa = PBXNativeTarget;
			buildConfigurationList = 40B5712A1AACCF2D000A4668 /* Build configuration list for PBXNativeTarget "Stormy" */;
			buildPhases = (
				40B571071AACCF2D000A4668 /* Sources */,
				40B571081AACCF2D000A4668 /* Frameworks */,
				40B571091AACCF2D000A4668 /* Resources */,
			);
			buildRules = (
			);
			dependencies = (
			);
			name = Stormy;
			productName = Stormy;
			productReference = 40B5710B1AACCF2D000A4668 /* Stormy.app */;
			productType = "com.apple.product-type.application";
		};
		40B5711F1AACCF2D000A4668 /* StormyTests */ = {
			isa = PBXNativeTarget;
			buildConfigurationList = 40B5712D1AACCF2D000A4668 /* Build configuration list for PBXNativeTarget "StormyTests" */;
			buildPhases = (
				40B5711C1AACCF2D000A4668 /* Sources */,
				40B5711D1AACCF2D000A4668 /* Frameworks */,
				40B5711E1AACCF2D000A4668 /* Resources */,
			);
			buildRules = (
			);
			dependencies = (
				40B571221AACCF2D000A4668 /* PBXTargetDependency */,
			);
			name = StormyTests;
			productName = StormyTests;
			productReference = 40B571201AACCF2D000A4668 /* StormyTests.xctest */;
			productType = "com.apple.product-type.bundle.unit-test";
		};
/* End PBXNativeTarget section */

/* Begin PBXProject section */
		40B571031AACCF2C000A4668 /* Project object */ = {
			isa = PBXProject;
			attributes = {
				LastUpgradeCheck = 0610;
				ORGANIZATIONNAME = "Bokang Huang";
				TargetAttributes = {
					40B5710A1AACCF2D000A4668 = {
						CreatedOnToolsVersion = 6.1.1;
					};
					40B5711F1AACCF2D000A4668 = {
						CreatedOnToolsVersion = 6.1.1;
						TestTargetID = 40B5710A1AACCF2D000A4668;
					};
				};
			};
			buildConfigurationList = 40B571061AACCF2C000A4668 /* Build configuration list for PBXProject "Stormy" */;
			compatibilityVersion = "Xcode 3.2";
			developmentRegion = English;
			hasScannedForEncodings = 0;
			knownRegions = (
				en,
				Base,
			);
			mainGroup = 40B571021AACCF2C000A4668;
			productRefGroup = 40B5710C1AACCF2D000A4668 /* Products */;
			projectDirPath = "";
			projectRoot = "";
			targets = (
				40B5710A1AACCF2D000A4668 /* Stormy */,
				40B5711F1AACCF2D000A4668 /* StormyTests */,
			);
		};
/* End PBXProject section */

/* Begin PBXResourcesBuildPhase section */
		40B571091AACCF2D000A4668 /* Resources */ = {
			isa = PBXResourcesBuildPhase;
			buildActionMask = 2147483647;
			files = (
				40B571161AACCF2D000A4668 /* Main.storyboard in Resources */,
				40B5711B1AACCF2D000A4668 /* LaunchScreen.xib in Resources */,
				40B571181AACCF2D000A4668 /* Images.xcassets in Resources */,
			);
			runOnlyForDeploymentPostprocessing = 0;
		};
		40B5711E1AACCF2D000A4668 /* Resources */ = {
			isa = PBXResourcesBuildPhase;
			buildActionMask = 2147483647;
			files = (
			);
			runOnlyForDeploymentPostprocessing = 0;
		};
/* End PBXResourcesBuildPhase section */

/* Begin PBXSourcesBuildPhase section */
		40B571071AACCF2D000A4668 /* Sources */ = {
			isa = PBXSourcesBuildPhase;
			buildActionMask = 2147483647;
			files = (
				40B571341AACEF18000A4668 /* Current.swift in Sources */,
				40B571131AACCF2D000A4668 /* ViewController.swift in Sources */,
				40B571111AACCF2D000A4668 /* AppDelegate.swift in Sources */,
			);
			runOnlyForDeploymentPostprocessing = 0;
		};
		40B5711C1AACCF2D000A4668 /* Sources */ = {
			isa = PBXSourcesBuildPhase;
			buildActionMask = 2147483647;
			files = (
				40B571271AACCF2D000A4668 /* StormyTests.swift in Sources */,
			);
			runOnlyForDeploymentPostprocessing = 0;
		};
/* End PBXSourcesBuildPhase section */

/* Begin PBXTargetDependency section */
		40B571221AACCF2D000A4668 /* PBXTargetDependency */ = {
			isa = PBXTargetDependency;
			target = 40B5710A1AACCF2D000A4668 /* Stormy */;
			targetProxy = 40B571211AACCF2D000A4668 /* PBXContainerItemProxy */;
		};
/* End PBXTargetDependency section */

/* Begin PBXVariantGroup section */
		40B571141AACCF2D000A4668 /* Main.storyboard */ = {
			isa = PBXVariantGroup;
			children = (
				40B571151AACCF2D000A4668 /* Base */,
			);
			name = Main.storyboard;
			sourceTree = "<group>";
		};
		40B571191AACCF2D000A4668 /* LaunchScreen.xib */ = {
			isa = PBXVariantGroup;
			children = (
				40B5711A1AACCF2D000A4668 /* Base */,
			);
			name = LaunchScreen.xib;
			sourceTree = "<group>";
		};
/* End PBXVariantGroup section */

/* Begin XCBuildConfiguration section */
		40B571281AACCF2D000A4668 /* Debug */ = {
			isa = XCBuildConfiguration;
			buildSettings = {
				ALWAYS_SEARCH_USER_PATHS = NO;
				CLANG_CXX_LANGUAGE_STANDARD = "gnu++0x";
				CLANG_CXX_LIBRARY = "libc++";
				CLANG_ENABLE_MODULES = YES;
				CLANG_ENABLE_OBJC_ARC = YES;
				CLANG_WARN_BOOL_CONVERSION = YES;
				CLANG_WARN_CONSTANT_CONVERSION = YES;
				CLANG_WARN_DIRECT_OBJC_ISA_USAGE = YES_ERROR;
				CLANG_WARN_EMPTY_BODY = YES;
				CLANG_WARN_ENUM_CONVERSION = YES;
				CLANG_WARN_INT_CONVERSION = YES;
				CLANG_WARN_OBJC_ROOT_CLASS = YES_ERROR;
				CLANG_WARN_UNREACHABLE_CODE = YES;
				CLANG_WARN__DUPLICATE_METHOD_MATCH = YES;
				"CODE_SIGN_IDENTITY[sdk=iphoneos*]" = "iPhone Developer";
				COPY_PHASE_STRIP = NO;
				ENABLE_STRICT_OBJC_MSGSEND = YES;
				GCC_C_LANGUAGE_STANDARD = gnu99;
				GCC_DYNAMIC_NO_PIC = NO;
				GCC_OPTIMIZATION_LEVEL = 0;
				GCC_PREPROCESSOR_DEFINITIONS = (
					"DEBUG=1",
					"$(inherited)",
				);
				GCC_SYMBOLS_PRIVATE_EXTERN = NO;
				GCC_WARN_64_TO_32_BIT_CONVERSION = YES;
				GCC_WARN_ABOUT_RETURN_TYPE = YES_ERROR;
				GCC_WARN_UNDECLARED_SELECTOR = YES;
				GCC_WARN_UNINITIALIZED_AUTOS = YES_AGGRESSIVE;
				GCC_WARN_UNUSED_FUNCTION = YES;
				GCC_WARN_UNUSED_VARIABLE = YES;
				IPHONEOS_DEPLOYMENT_TARGET = 8.1;
				MTL_ENABLE_DEBUG_INFO = YES;
				ONLY_ACTIVE_ARCH = YES;
				SDKROOT = iphoneos;
				SWIFT_OPTIMIZATION_LEVEL = "-Onone";
			};
			name = Debug;
		};
		40B571291AACCF2D000A4668 /* Release */ = {
			isa = XCBuildConfiguration;
			buildSettings = {
				ALWAYS_SEARCH_USER_PATHS = NO;
				CLANG_CXX_LANGUAGE_STANDARD = "gnu++0x";
				CLANG_CXX_LIBRARY = "libc++";
				CLANG_ENABLE_MODULES = YES;
				CLANG_ENABLE_OBJC_ARC = YES;
				CLANG_WARN_BOOL_CONVERSION = YES;
				CLANG_WARN_CONSTANT_CONVERSION = YES;
				CLANG_WARN_DIRECT_OBJC_ISA_USAGE = YES_ERROR;
				CLANG_WARN_EMPTY_BODY = YES;
				CLANG_WARN_ENUM_CONVERSION = YES;
				CLANG_WARN_INT_CONVERSION = YES;
				CLANG_WARN_OBJC_ROOT_CLASS = YES_ERROR;
				CLANG_WARN_UNREACHABLE_CODE = YES;
				CLANG_WARN__DUPLICATE_METHOD_MATCH = YES;
				"CODE_SIGN_IDENTITY[sdk=iphoneos*]" = "iPhone Developer";
				COPY_PHASE_STRIP = YES;
				ENABLE_NS_ASSERTIONS = NO;
				ENABLE_STRICT_OBJC_MSGSEND = YES;
				GCC_C_LANGUAGE_STANDARD = gnu99;
				GCC_WARN_64_TO_32_BIT_CONVERSION = YES;
				GCC_WARN_ABOUT_RETURN_TYPE = YES_ERROR;
				GCC_WARN_UNDECLARED_SELECTOR = YES;
				GCC_WARN_UNINITIALIZED_AUTOS = YES_AGGRESSIVE;
				GCC_WARN_UNUSED_FUNCTION = YES;
				GCC_WARN_UNUSED_VARIABLE = YES;
				IPHONEOS_DEPLOYMENT_TARGET = 8.1;
				MTL_ENABLE_DEBUG_INFO = NO;
				SDKROOT = iphoneos;
				VALIDATE_PRODUCT = YES;
			};
			name = Release;
		};
		40B5712B1AACCF2D000A4668 /* Debug */ = {
			isa = XCBuildConfiguration;
			buildSettings = {
				ASSETCATALOG_COMPILER_APPICON_NAME = AppIcon;
				INFOPLIST_FILE = Stormy/Info.plist;
				LD_RUNPATH_SEARCH_PATHS = "$(inherited) @executable_path/Frameworks";
				PRODUCT_NAME = "$(TARGET_NAME)";
			};
			name = Debug;
		};
		40B5712C1AACCF2D000A4668 /* Release */ = {
			isa = XCBuildConfiguration;
			buildSettings = {
				ASSETCATALOG_COMPILER_APPICON_NAME = AppIcon;
				INFOPLIST_FILE = Stormy/Info.plist;
				LD_RUNPATH_SEARCH_PATHS = "$(inherited) @executable_path/Frameworks";
				PRODUCT_NAME = "$(TARGET_NAME)";
			};
			name = Release;
		};
		40B5712E1AACCF2D000A4668 /* Debug */ = {
			isa = XCBuildConfiguration;
			buildSettings = {
				BUNDLE_LOADER = "$(TEST_HOST)";
				FRAMEWORK_SEARCH_PATHS = (
					"$(SDKROOT)/Developer/Library/Frameworks",
					"$(inherited)",
				);
				GCC_PREPROCESSOR_DEFINITIONS = (
					"DEBUG=1",
					"$(inherited)",
				);
				INFOPLIST_FILE = StormyTests/Info.plist;
				LD_RUNPATH_SEARCH_PATHS = "$(inherited) @executable_path/Frameworks @loader_path/Frameworks";
				PRODUCT_NAME = "$(TARGET_NAME)";
				TEST_HOST = "$(BUILT_PRODUCTS_DIR)/Stormy.app/Stormy";
			};
			name = Debug;
		};
		40B5712F1AACCF2D000A4668 /* Release */ = {
			isa = XCBuildConfiguration;
			buildSettings = {
				BUNDLE_LOADER = "$(TEST_HOST)";
				FRAMEWORK_SEARCH_PATHS = (
					"$(SDKROOT)/Developer/Library/Frameworks",
					"$(inherited)",
				);
				INFOPLIST_FILE = StormyTests/Info.plist;
				LD_RUNPATH_SEARCH_PATHS = "$(inherited) @executable_path/Frameworks @loader_path/Frameworks";
				PRODUCT_NAME = "$(TARGET_NAME)";
				TEST_HOST = "$(BUILT_PRODUCTS_DIR)/Stormy.app/Stormy";
			};
			name = Release;
		};
/* End XCBuildConfiguration section */

/* Begin XCConfigurationList section */
		40B571061AACCF2C000A4668 /* Build configuration list for PBXProject "Stormy" */ = {
			isa = XCConfigurationList;
			buildConfigurations = (
				40B571281AACCF2D000A4668 /* Debug */,
				40B571291AACCF2D000A4668 /* Release */,
			);
			defaultConfigurationIsVisible = 0;
			defaultConfigurationName = Release;
		};
		40B5712A1AACCF2D000A4668 /* Build configuration list for PBXNativeTarget "Stormy" */ = {
			isa = XCConfigurationList;
			buildConfigurations = (
				40B5712B1AACCF2D000A4668 /* Debug */,
				40B5712C1AACCF2D000A4668 /* Release */,
			);
			defaultConfigurationIsVisible = 0;
		};
		40B5712D1AACCF2D000A4668 /* Build configuration list for PBXNativeTarget "StormyTests" */ = {
			isa = XCConfigurationList;
			buildConfigurations = (
				40B5712E1AACCF2D000A4668 /* Debug */,
				40B5712F1AACCF2D000A4668 /* Release */,
			);
			defaultConfigurationIsVisible = 0;
		};
/* End XCConfigurationList section */
	};
	rootObject = 40B571031AACCF2C000A4668 /* Project object */;
}
